// !$*UTF8*$!
{
	archiveVersion = 1;
	classes = {
	};
	objectVersion = 46;
	objects = {

/* Begin PBXBuildFile section */
		5B875E2019337619003C3556 /* Foundation.framework in Frameworks */ = {isa = PBXBuildFile; fileRef = 5B875E1F19337619003C3556 /* Foundation.framework */; };
		5B875E2219337619003C3556 /* CoreGraphics.framework in Frameworks */ = {isa = PBXBuildFile; fileRef = 5B875E2119337619003C3556 /* CoreGraphics.framework */; };
		5B875E2419337619003C3556 /* UIKit.framework in Frameworks */ = {isa = PBXBuildFile; fileRef = 5B875E2319337619003C3556 /* UIKit.framework */; };
		5B875E2A19337619003C3556 /* InfoPlist.strings in Resources */ = {isa = PBXBuildFile; fileRef = 5B875E2819337619003C3556 /* InfoPlist.strings */; };
		5B875E2C19337619003C3556 /* main.m in Sources */ = {isa = PBXBuildFile; fileRef = 5B875E2B19337619003C3556 /* main.m */; };
		5B875E3019337619003C3556 /* AppDelegate.m in Sources */ = {isa = PBXBuildFile; fileRef = 5B875E2F19337619003C3556 /* AppDelegate.m */; };
		5B875E3219337619003C3556 /* Images.xcassets in Resources */ = {isa = PBXBuildFile; fileRef = 5B875E3119337619003C3556 /* Images.xcassets */; };
		5B875E3919337619003C3556 /* XCTest.framework in Frameworks */ = {isa = PBXBuildFile; fileRef = 5B875E3819337619003C3556 /* XCTest.framework */; };
		5B875E3A19337619003C3556 /* Foundation.framework in Frameworks */ = {isa = PBXBuildFile; fileRef = 5B875E1F19337619003C3556 /* Foundation.framework */; };
		5B875E3B19337619003C3556 /* UIKit.framework in Frameworks */ = {isa = PBXBuildFile; fileRef = 5B875E2319337619003C3556 /* UIKit.framework */; };
		5B875E4319337619003C3556 /* InfoPlist.strings in Resources */ = {isa = PBXBuildFile; fileRef = 5B875E4119337619003C3556 /* InfoPlist.strings */; };
		5B875E4519337619003C3556 /* DynamicTestTests.m in Sources */ = {isa = PBXBuildFile; fileRef = 5B875E4419337619003C3556 /* DynamicTestTests.m */; };
		5B875E501933764E003C3556 /* UIDTestViewController.m in Sources */ = {isa = PBXBuildFile; fileRef = 5B875E4F1933764E003C3556 /* UIDTestViewController.m */; };
		5B875E5219338609003C3556 /* UIDTestViewController.xib in Resources */ = {isa = PBXBuildFile; fileRef = 5B875E5119338609003C3556 /* UIDTestViewController.xib */; };
/* End PBXBuildFile section */

/* Begin PBXContainerItemProxy section */
		5B875E3C19337619003C3556 /* PBXContainerItemProxy */ = {
			isa = PBXContainerItemProxy;
			containerPortal = 5B875E1419337619003C3556 /* Project object */;
			proxyType = 1;
			remoteGlobalIDString = 5B875E1B19337619003C3556;
			remoteInfo = DynamicTest;
		};
/* End PBXContainerItemProxy section */

/* Begin PBXFileReference section */
		5B875E1C19337619003C3556 /* DynamicTest.app */ = {isa = PBXFileReference; explicitFileType = wrapper.application; includeInIndex = 0; path = DynamicTest.app; sourceTree = BUILT_PRODUCTS_DIR; };
		5B875E1F19337619003C3556 /* Foundation.framework */ = {isa = PBXFileReference; lastKnownFileType = wrapper.framework; name = Foundation.framework; path = System/Library/Frameworks/Foundation.framework; sourceTree = SDKROOT; };
		5B875E2119337619003C3556 /* CoreGraphics.framework */ = {isa = PBXFileReference; lastKnownFileType = wrapper.framework; name = CoreGraphics.framework; path = System/Library/Frameworks/CoreGraphics.framework; sourceTree = SDKROOT; };
		5B875E2319337619003C3556 /* UIKit.framework */ = {isa = PBXFileReference; lastKnownFileType = wrapper.framework; name = UIKit.framework; path = System/Library/Frameworks/UIKit.framework; sourceTree = SDKROOT; };
		5B875E2719337619003C3556 /* DynamicTest-Info.plist */ = {isa = PBXFileReference; lastKnownFileType = text.plist.xml; path = "DynamicTest-Info.plist"; sourceTree = "<group>"; };
		5B875E2919337619003C3556 /* en */ = {isa = PBXFileReference; lastKnownFileType = text.plist.strings; name = en; path = en.lproj/InfoPlist.strings; sourceTree = "<group>"; };
		5B875E2B19337619003C3556 /* main.m */ = {isa = PBXFileReference; lastKnownFileType = sourcecode.c.objc; path = main.m; sourceTree = "<group>"; };
		5B875E2D19337619003C3556 /* DynamicTest-Prefix.pch */ = {isa = PBXFileReference; lastKnownFileType = sourcecode.c.h; path = "DynamicTest-Prefix.pch"; sourceTree = "<group>"; };
		5B875E2E19337619003C3556 /* AppDelegate.h */ = {isa = PBXFileReference; lastKnownFileType = sourcecode.c.h; path = AppDelegate.h; sourceTree = "<group>"; };
		5B875E2F19337619003C3556 /* AppDelegate.m */ = {isa = PBXFileReference; lastKnownFileType = sourcecode.c.objc; path = AppDelegate.m; sourceTree = "<group>"; };
		5B875E3119337619003C3556 /* Images.xcassets */ = {isa = PBXFileReference; lastKnownFileType = folder.assetcatalog; path = Images.xcassets; sourceTree = "<group>"; };
		5B875E3719337619003C3556 /* DynamicTestTests.xctest */ = {isa = PBXFileReference; explicitFileType = wrapper.cfbundle; includeInIndex = 0; path = DynamicTestTests.xctest; sourceTree = BUILT_PRODUCTS_DIR; };
		5B875E3819337619003C3556 /* XCTest.framework */ = {isa = PBXFileReference; lastKnownFileType = wrapper.framework; name = XCTest.framework; path = Library/Frameworks/XCTest.framework; sourceTree = DEVELOPER_DIR; };
		5B875E4019337619003C3556 /* DynamicTestTests-Info.plist */ = {isa = PBXFileReference; lastKnownFileType = text.plist.xml; path = "DynamicTestTests-Info.plist"; sourceTree = "<group>"; };
		5B875E4219337619003C3556 /* en */ = {isa = PBXFileReference; lastKnownFileType = text.plist.strings; name = en; path = en.lproj/InfoPlist.strings; sourceTree = "<group>"; };
		5B875E4419337619003C3556 /* DynamicTestTests.m */ = {isa = PBXFileReference; lastKnownFileType = sourcecode.c.objc; path = DynamicTestTests.m; sourceTree = "<group>"; };
		5B875E4E1933764E003C3556 /* UIDTestViewController.h */ = {isa = PBXFileReference; fileEncoding = 4; lastKnownFileType = sourcecode.c.h; path = UIDTestViewController.h; sourceTree = "<group>"; };
		5B875E4F1933764E003C3556 /* UIDTestViewController.m */ = {isa = PBXFileReference; fileEncoding = 4; lastKnownFileType = sourcecode.c.objc; path = UIDTestViewController.m; sourceTree = "<group>"; };
		5B875E5119338609003C3556 /* UIDTestViewController.xib */ = {isa = PBXFileReference; fileEncoding = 4; lastKnownFileType = file.xib; path = UIDTestViewController.xib; sourceTree = "<group>"; };
/* End PBXFileReference section */

/* Begin PBXFrameworksBuildPhase section */
		5B875E1919337619003C3556 /* Frameworks */ = {
			isa = PBXFrameworksBuildPhase;
			buildActionMask = 2147483647;
			files = (
				5B875E2219337619003C3556 /* CoreGraphics.framework in Frameworks */,
				5B875E2419337619003C3556 /* UIKit.framework in Frameworks */,
				5B875E2019337619003C3556 /* Foundation.framework in Frameworks */,
			);
			runOnlyForDeploymentPostprocessing = 0;
		};
		5B875E3419337619003C3556 /* Frameworks */ = {
			isa = PBXFrameworksBuildPhase;
			buildActionMask = 2147483647;
			files = (
				5B875E3919337619003C3556 /* XCTest.framework in Frameworks */,
				5B875E3B19337619003C3556 /* UIKit.framework in Frameworks */,
				5B875E3A19337619003C3556 /* Foundation.framework in Frameworks */,
			);
			runOnlyForDeploymentPostprocessing = 0;
		};
/* End PBXFrameworksBuildPhase section */

/* Begin PBXGroup section */
		5B875E1319337619003C3556 = {
			isa = PBXGroup;
			children = (
				5B875E2519337619003C3556 /* DynamicTest */,
				5B875E3E19337619003C3556 /* DynamicTestTests */,
				5B875E1E19337619003C3556 /* Frameworks */,
				5B875E1D19337619003C3556 /* Products */,
			);
			sourceTree = "<group>";
		};
		5B875E1D19337619003C3556 /* Products */ = {
			isa = PBXGroup;
			children = (
				5B875E1C19337619003C3556 /* DynamicTest.app */,
				5B875E3719337619003C3556 /* DynamicTestTests.xctest */,
			);
			name = Products;
			sourceTree = "<group>";
		};
		5B875E1E19337619003C3556 /* Frameworks */ = {
			isa = PBXGroup;
			children = (
				5B875E1F19337619003C3556 /* Foundation.framework */,
				5B875E2119337619003C3556 /* CoreGraphics.framework */,
				5B875E2319337619003C3556 /* UIKit.framework */,
				5B875E3819337619003C3556 /* XCTest.framework */,
			);
			name = Frameworks;
			sourceTree = "<group>";
		};
		5B875E2519337619003C3556 /* DynamicTest */ = {
			isa = PBXGroup;
			children = (
				5B875E4E1933764E003C3556 /* UIDTestViewController.h */,
				5B875E4F1933764E003C3556 /* UIDTestViewController.m */,
				5B875E2E19337619003C3556 /* AppDelegate.h */,
				5B875E2F19337619003C3556 /* AppDelegate.m */,
				5B875E3119337619003C3556 /* Images.xcassets */,
				5B875E2619337619003C3556 /* Supporting Files */,
				5B875E5119338609003C3556 /* UIDTestViewController.xib */,
			);
			path = DynamicTest;
			sourceTree = "<group>";
		};
		5B875E2619337619003C3556 /* Supporting Files */ = {
			isa = PBXGroup;
			children = (
				5B875E2719337619003C3556 /* DynamicTest-Info.plist */,
				5B875E2819337619003C3556 /* InfoPlist.strings */,
				5B875E2B19337619003C3556 /* main.m */,
				5B875E2D19337619003C3556 /* DynamicTest-Prefix.pch */,
			);
			name = "Supporting Files";
			sourceTree = "<group>";
		};
		5B875E3E19337619003C3556 /* DynamicTestTests */ = {
			isa = PBXGroup;
			children = (
				5B875E4419337619003C3556 /* DynamicTestTests.m */,
				5B875E3F19337619003C3556 /* Supporting Files */,
			);
			path = DynamicTestTests;
			sourceTree = "<group>";
		};
		5B875E3F19337619003C3556 /* Supporting Files */ = {
			isa = PBXGroup;
			children = (
				5B875E4019337619003C3556 /* DynamicTestTests-Info.plist */,
				5B875E4119337619003C3556 /* InfoPlist.strings */,
			);
			name = "Supporting Files";
			sourceTree = "<group>";
		};
/* End PBXGroup section */

/* Begin PBXNativeTarget section */
		5B875E1B19337619003C3556 /* DynamicTest */ = {
			isa = PBXNativeTarget;
			buildConfigurationList = 5B875E4819337619003C3556 /* Build configuration list for PBXNativeTarget "DynamicTest" */;
			buildPhases = (
				5B875E1819337619003C3556 /* Sources */,
				5B875E1919337619003C3556 /* Frameworks */,
				5B875E1A19337619003C3556 /* Resources */,
			);
			buildRules = (
			);
			dependencies = (
			);
			name = DynamicTest;
			productName = DynamicTest;
			productReference = 5B875E1C19337619003C3556 /* DynamicTest.app */;
			productType = "com.apple.product-type.application";
		};
		5B875E3619337619003C3556 /* DynamicTestTests */ = {
			isa = PBXNativeTarget;
			buildConfigurationList = 5B875E4B19337619003C3556 /* Build configuration list for PBXNativeTarget "DynamicTestTests" */;
			buildPhases = (
				5B875E3319337619003C3556 /* Sources */,
				5B875E3419337619003C3556 /* Frameworks */,
				5B875E3519337619003C3556 /* Resources */,
			);
			buildRules = (
			);
			dependencies = (
				5B875E3D19337619003C3556 /* PBXTargetDependency */,
			);
			name = DynamicTestTests;
			productName = DynamicTestTests;
			productReference = 5B875E3719337619003C3556 /* DynamicTestTests.xctest */;
			productType = "com.apple.product-type.bundle.unit-test";
		};
/* End PBXNativeTarget section */

/* Begin PBXProject section */
		5B875E1419337619003C3556 /* Project object */ = {
			isa = PBXProject;
			attributes = {
				LastUpgradeCheck = 0510;
				TargetAttributes = {
					5B875E3619337619003C3556 = {
						TestTargetID = 5B875E1B19337619003C3556;
					};
				};
			};
			buildConfigurationList = 5B875E1719337619003C3556 /* Build configuration list for PBXProject "DynamicTest" */;
			compatibilityVersion = "Xcode 3.2";
			developmentRegion = English;
			hasScannedForEncodings = 0;
			knownRegions = (
				en,
			);
			mainGroup = 5B875E1319337619003C3556;
			productRefGroup = 5B875E1D19337619003C3556 /* Products */;
			projectDirPath = "";
			projectRoot = "";
			targets = (
				5B875E1B19337619003C3556 /* DynamicTest */,
				5B875E3619337619003C3556 /* DynamicTestTests */,
			);
		};
/* End PBXProject section */

/* Begin PBXResourcesBuildPhase section */
		5B875E1A19337619003C3556 /* Resources */ = {
			isa = PBXResourcesBuildPhase;
			buildActionMask = 2147483647;
			files = (
				5B875E2A19337619003C3556 /* InfoPlist.strings in Resources */,
				5B875E5219338609003C3556 /* UIDTestViewController.xib in Resources */,
				5B875E3219337619003C3556 /* Images.xcassets in Resources */,
			);
			runOnlyForDeploymentPostprocessing = 0;
		};
		5B875E3519337619003C3556 /* Resources */ = {
			isa = PBXResourcesBuildPhase;
			buildActionMask = 2147483647;
			files = (
				5B875E4319337619003C3556 /* InfoPlist.strings in Resources */,
			);
			runOnlyForDeploymentPostprocessing = 0;
		};
/* End PBXResourcesBuildPhase section */

/* Begin PBXSourcesBuildPhase section */
		5B875E1819337619003C3556 /* Sources */ = {
			isa = PBXSourcesBuildPhase;
			buildActionMask = 2147483647;
			files = (
				5B875E3019337619003C3556 /* AppDelegate.m in Sources */,
				5B875E2C19337619003C3556 /* main.m in Sources */,
				5B875E501933764E003C3556 /* UIDTestViewController.m in Sources */,
			);
			runOnlyForDeploymentPostprocessing = 0;
		};
		5B875E3319337619003C3556 /* Sources */ = {
			isa = PBXSourcesBuildPhase;
			buildActionMask = 2147483647;
			files = (
				5B875E4519337619003C3556 /* DynamicTestTests.m in Sources */,
			);
			runOnlyForDeploymentPostprocessing = 0;
		};
/* End PBXSourcesBuildPhase section */

/* Begin PBXTargetDependency section */
		5B875E3D19337619003C3556 /* PBXTargetDependency */ = {
			isa = PBXTargetDependency;
			target = 5B875E1B19337619003C3556 /* DynamicTest */;
			targetProxy = 5B875E3C19337619003C3556 /* PBXContainerItemProxy */;
		};
/* End PBXTargetDependency section */

/* Begin PBXVariantGroup section */
		5B875E2819337619003C3556 /* InfoPlist.strings */ = {
			isa = PBXVariantGroup;
			children = (
				5B875E2919337619003C3556 /* en */,
			);
			name = InfoPlist.strings;
			sourceTree = "<group>";
		};
		5B875E4119337619003C3556 /* InfoPlist.strings */ = {
			isa = PBXVariantGroup;
			children = (
				5B875E4219337619003C3556 /* en */,
			);
			name = InfoPlist.strings;
			sourceTree = "<group>";
		};
/* End PBXVariantGroup section */

/* Begin XCBuildConfiguration section */
		5B875E4619337619003C3556 /* Debug */ = {
			isa = XCBuildConfiguration;
			buildSettings = {
				ALWAYS_SEARCH_USER_PATHS = NO;
				CLANG_CXX_LANGUAGE_STANDARD = "gnu++0x";
				CLANG_CXX_LIBRARY = "libc++";
				CLANG_ENABLE_MODULES = YES;
				CLANG_ENABLE_OBJC_ARC = YES;
				CLANG_WARN_BOOL_CONVERSION = YES;
				CLANG_WARN_CONSTANT_CONVERSION = YES;
				CLANG_WARN_DIRECT_OBJC_ISA_USAGE = YES_ERROR;
				CLANG_WARN_EMPTY_BODY = YES;
				CLANG_WARN_ENUM_CONVERSION = YES;
				CLANG_WARN_INT_CONVERSION = YES;
				CLANG_WARN_OBJC_ROOT_CLASS = YES_ERROR;
				CLANG_WARN__DUPLICATE_METHOD_MATCH = YES;
				"CODE_SIGN_IDENTITY[sdk=iphoneos*]" = "iPhone Developer";
				COPY_PHASE_STRIP = NO;
				GCC_C_LANGUAGE_STANDARD = gnu99;
				GCC_DYNAMIC_NO_PIC = NO;
				GCC_OPTIMIZATION_LEVEL = 0;
				GCC_PREPROCESSOR_DEFINITIONS = (
					"DEBUG=1",
					"$(inherited)",
				);
				GCC_SYMBOLS_PRIVATE_EXTERN = NO;
				GCC_WARN_64_TO_32_BIT_CONVERSION = YES;
				GCC_WARN_ABOUT_RETURN_TYPE = YES_ERROR;
				GCC_WARN_UNDECLARED_SELECTOR = YES;
				GCC_WARN_UNINITIALIZED_AUTOS = YES_AGGRESSIVE;
				GCC_WARN_UNUSED_FUNCTION = YES;
				GCC_WARN_UNUSED_VARIABLE = YES;
				IPHONEOS_DEPLOYMENT_TARGET = 7.1;
				ONLY_ACTIVE_ARCH = YES;
				SDKROOT = iphoneos;
			};
			name = Debug;
		};
		5B875E4719337619003C3556 /* Release */ = {
			isa = XCBuildConfiguration;
			buildSettings = {
				ALWAYS_SEARCH_USER_PATHS = NO;
				CLANG_CXX_LANGUAGE_STANDARD = "gnu++0x";
				CLANG_CXX_LIBRARY = "libc++";
				CLANG_ENABLE_MODULES = YES;
				CLANG_ENABLE_OBJC_ARC = YES;
				CLANG_WARN_BOOL_CONVERSION = YES;
				CLANG_WARN_CONSTANT_CONVERSION = YES;
				CLANG_WARN_DIRECT_OBJC_ISA_USAGE = YES_ERROR;
				CLANG_WARN_EMPTY_BODY = YES;
				CLANG_WARN_ENUM_CONVERSION = YES;
				CLANG_WARN_INT_CONVERSION = YES;
				CLANG_WARN_OBJC_ROOT_CLASS = YES_ERROR;
				CLANG_WARN__DUPLICATE_METHOD_MATCH = YES;
				"CODE_SIGN_IDENTITY[sdk=iphoneos*]" = "iPhone Developer";
				COPY_PHASE_STRIP = YES;
				ENABLE_NS_ASSERTIONS = NO;
				GCC_C_LANGUAGE_STANDARD = gnu99;
				GCC_WARN_64_TO_32_BIT_CONVERSION = YES;
				GCC_WARN_ABOUT_RETURN_TYPE = YES_ERROR;
				GCC_WARN_UNDECLARED_SELECTOR = YES;
				GCC_WARN_UNINITIALIZED_AUTOS = YES_AGGRESSIVE;
				GCC_WARN_UNUSED_FUNCTION = YES;
				GCC_WARN_UNUSED_VARIABLE = YES;
				IPHONEOS_DEPLOYMENT_TARGET = 7.1;
				SDKROOT = iphoneos;
				VALIDATE_PRODUCT = YES;
			};
			name = Release;
		};
		5B875E4919337619003C3556 /* Debug */ = {
			isa = XCBuildConfiguration;
			buildSettings = {
				ASSETCATALOG_COMPILER_APPICON_NAME = AppIcon;
				ASSETCATALOG_COMPILER_LAUNCHIMAGE_NAME = LaunchImage;
				GCC_PRECOMPILE_PREFIX_HEADER = YES;
				GCC_PREFIX_HEADER = "DynamicTest/DynamicTest-Prefix.pch";
				INFOPLIST_FILE = "DynamicTest/DynamicTest-Info.plist";
				PRODUCT_NAME = "$(TARGET_NAME)";
				WRAPPER_EXTENSION = app;
			};
			name = Debug;
		};
		5B875E4A19337619003C3556 /* Release */ = {
			isa = XCBuildConfiguration;
			buildSettings = {
				ASSETCATALOG_COMPILER_APPICON_NAME = AppIcon;
				ASSETCATALOG_COMPILER_LAUNCHIMAGE_NAME = LaunchImage;
				GCC_PRECOMPILE_PREFIX_HEADER = YES;
				GCC_PREFIX_HEADER = "DynamicTest/DynamicTest-Prefix.pch";
				INFOPLIST_FILE = "DynamicTest/DynamicTest-Info.plist";
				PRODUCT_NAME = "$(TARGET_NAME)";
				WRAPPER_EXTENSION = app;
			};
			name = Release;
		};
		5B875E4C19337619003C3556 /* Debug */ = {
			isa = XCBuildConfiguration;
			buildSettings = {
				BUNDLE_LOADER = "$(BUILT_PRODUCTS_DIR)/DynamicTest.app/DynamicTest";
				FRAMEWORK_SEARCH_PATHS = (
					"$(SDKROOT)/Developer/Library/Frameworks",
					"$(inherited)",
					"$(DEVELOPER_FRAMEWORKS_DIR)",
				);
				GCC_PRECOMPILE_PREFIX_HEADER = YES;
				GCC_PREFIX_HEADER = "DynamicTest/DynamicTest-Prefix.pch";
				GCC_PREPROCESSOR_DEFINITIONS = (
					"DEBUG=1",
					"$(inherited)",
				);
				INFOPLIST_FILE = "DynamicTestTests/DynamicTestTests-Info.plist";
				PRODUCT_NAME = "$(TARGET_NAME)";
				TEST_HOST = "$(BUNDLE_LOADER)";
				WRAPPER_EXTENSION = xctest;
			};
			name = Debug;
		};
		5B875E4D19337619003C3556 /* Release */ = {
			isa = XCBuildConfiguration;
			buildSettings = {
				BUNDLE_LOADER = "$(BUILT_PRODUCTS_DIR)/DynamicTest.app/DynamicTest";
				FRAMEWORK_SEARCH_PATHS = (
					"$(SDKROOT)/Developer/Library/Frameworks",
					"$(inherited)",
					"$(DEVELOPER_FRAMEWORKS_DIR)",
				);
				GCC_PRECOMPILE_PREFIX_HEADER = YES;
				GCC_PREFIX_HEADER = "DynamicTest/DynamicTest-Prefix.pch";
				INFOPLIST_FILE = "DynamicTestTests/DynamicTestTests-Info.plist";
				PRODUCT_NAME = "$(TARGET_NAME)";
				TEST_HOST = "$(BUNDLE_LOADER)";
				WRAPPER_EXTENSION = xctest;
			};
			name = Release;
		};
/* End XCBuildConfiguration section */

/* Begin XCConfigurationList section */
		5B875E1719337619003C3556 /* Build configuration list for PBXProject "DynamicTest" */ = {
			isa = XCConfigurationList;
			buildConfigurations = (
				5B875E4619337619003C3556 /* Debug */,
				5B875E4719337619003C3556 /* Release */,
			);
			defaultConfigurationIsVisible = 0;
			defaultConfigurationName = Release;
		};
		5B875E4819337619003C3556 /* Build configuration list for PBXNativeTarget "DynamicTest" */ = {
			isa = XCConfigurationList;
			buildConfigurations = (
				5B875E4919337619003C3556 /* Debug */,
				5B875E4A19337619003C3556 /* Release */,
			);
			defaultConfigurationIsVisible = 0;
		};
		5B875E4B19337619003C3556 /* Build configuration list for PBXNativeTarget "DynamicTestTests" */ = {
			isa = XCConfigurationList;
			buildConfigurations = (
				5B875E4C19337619003C3556 /* Debug */,
				5B875E4D19337619003C3556 /* Release */,
			);
			defaultConfigurationIsVisible = 0;
		};
/* End XCConfigurationList section */
	};
	rootObject = 5B875E1419337619003C3556 /* Project object */;
}
